
Microsoft Visual Studio Solution File, Format Version 12.00
# Visual Studio Version 17
VisualStudioVersion = 17.4.33213.308
MinimumVisualStudioVersion = 10.0.40219.1
Project("{FAE04EC0-301F-11D3-BF4B-00C04F79EFBC}") = "ConsoleApp", "ConsoleApp\ConsoleApp.csproj", "{6ED06D96-23F5-4356-BB90-B1D5B66BCE0E}"
EndProject
Project("{FAE04EC0-301F-11D3-BF4B-00C04F79EFBC}") = "ConsoleApp.Tests", "ConsoleApp.Tests\ConsoleApp.Tests.csproj", "{D78AD579-749A-4E9A-BFF0-EAFF3E97580C}"
EndProject
Global
	GlobalSection(SolutionConfigurationPlatforms) = preSolution
		Debug|Any CPU = Debug|Any CPU
		Release|Any CPU = Release|Any CPU
	EndGlobalSection
	GlobalSection(ProjectConfigurationPlatforms) = postSolution
		{6ED06D96-23F5-4356-BB90-B1D5B66BCE0E}.Debug|Any CPU.ActiveCfg = Debug|Any CPU
		{6ED06D96-23F5-4356-BB90-B1D5B66BCE0E}.Debug|Any CPU.Build.0 = Debug|Any CPU
		{6ED06D96-23F5-4356-BB90-B1D5B66BCE0E}.Release|Any CPU.ActiveCfg = Release|Any CPU
		{6ED06D96-23F5-4356-BB90-B1D5B66BCE0E}.Release|Any CPU.Build.0 = Release|Any CPU
		{D78AD579-749A-4E9A-BFF0-EAFF3E97580C}.Debug|Any CPU.ActiveCfg = Debug|Any CPU
		{D78AD579-749A-4E9A-BFF0-EAFF3E97580C}.Debug|Any CPU.Build.0 = Debug|Any CPU
		{D78AD579-749A-4E9A-BFF0-EAFF3E97580C}.Release|Any CPU.ActiveCfg = Release|Any CPU
		{D78AD579-749A-4E9A-BFF0-EAFF3E97580C}.Release|Any CPU.Build.0 = Release|Any CPU
	EndGlobalSection
	GlobalSection(SolutionProperties) = preSolution
		HideSolutionNode = FALSE
	EndGlobalSection
	GlobalSection(ExtensibilityGlobals) = postSolution
		SolutionGuid = {91B4AA0C-8E51-4A6C-9887-A05C7F326337}
	EndGlobalSection
EndGlobal
